
Microsoft Visual Studio Solution File, Format Version 12.00
# Visual Studio Version 17
VisualStudioVersion = 17.10.35122.118
MinimumVisualStudioVersion = 10.0.40219.1
Project("{FAE04EC0-301F-11D3-BF4B-00C04F79EFBC}") = "ClinicBooking", "ClinicBooking\ClinicBooking.csproj", "{6DEC162E-54AD-4709-BBC4-9ED875CC2508}"
EndProject
Global
	GlobalSection(SolutionConfigurationPlatforms) = preSolution
		Debug|Any CPU = Debug|Any CPU
		Release|Any CPU = Release|Any CPU
	EndGlobalSection
	GlobalSection(ProjectConfigurationPlatforms) = postSolution
		{6DEC162E-54AD-4709-BBC4-9ED875CC2508}.Debug|Any CPU.ActiveCfg = Debug|Any CPU
		{6DEC162E-54AD-4709-BBC4-9ED875CC2508}.Debug|Any CPU.Build.0 = Debug|Any CPU
		{6DEC162E-54AD-4709-BBC4-9ED875CC2508}.Release|Any CPU.ActiveCfg = Release|Any CPU
		{6DEC162E-54AD-4709-BBC4-9ED875CC2508}.Release|Any CPU.Build.0 = Release|Any CPU
	EndGlobalSection
	GlobalSection(SolutionProperties) = preSolution
		HideSolutionNode = FALSE
	EndGlobalSection
	GlobalSection(ExtensibilityGlobals) = postSolution
		SolutionGuid = {1AEAD0E8-C211-407E-A000-1216E68663B0}
	EndGlobalSection
EndGlobal
